// !$*UTF8*$!
{
	archiveVersion = 1;
	classes = {
	};
	objectVersion = 46;
	objects = {

/* Begin PBXBuildFile section */
		3503A18D1EDC3CEC009E26E0 /* Connect.swift in Sources */ = {isa = PBXBuildFile; fileRef = 3503A18C1EDC3CEC009E26E0 /* Connect.swift */; };
		3503A18F1EDC3DC7009E26E0 /* Action.swift in Sources */ = {isa = PBXBuildFile; fileRef = 3503A18E1EDC3DC7009E26E0 /* Action.swift */; };
		3503A1921EDC3F94009E26E0 /* String+Extension.swift in Sources */ = {isa = PBXBuildFile; fileRef = 3503A1911EDC3F94009E26E0 /* String+Extension.swift */; };
		353A46D61ED2D887009F2CD9 /* YouSign.framework in Frameworks */ = {isa = PBXBuildFile; fileRef = 353A46CC1ED2D887009F2CD9 /* YouSign.framework */; };
		353A46DB1ED2D887009F2CD9 /* YouSignTests.swift in Sources */ = {isa = PBXBuildFile; fileRef = 353A46DA1ED2D887009F2CD9 /* YouSignTests.swift */; };
		353A46DD1ED2D887009F2CD9 /* YouSign.h in Headers */ = {isa = PBXBuildFile; fileRef = 353A46CF1ED2D887009F2CD9 /* YouSign.h */; settings = {ATTRIBUTES = (Public, ); }; };
		35589DBF1F06158800715CB3 /* CryptoSwift.framework in Frameworks */ = {isa = PBXBuildFile; fileRef = 35589DBD1F06158800715CB3 /* CryptoSwift.framework */; };
		35589DC01F06158800715CB3 /* SwiftyXMLParser.framework in Frameworks */ = {isa = PBXBuildFile; fileRef = 35589DBE1F06158800715CB3 /* SwiftyXMLParser.framework */; };
		356C31E31EE69FF8002D3959 /* SignedFiles.swift in Sources */ = {isa = PBXBuildFile; fileRef = 356C31E21EE69FF8002D3959 /* SignedFiles.swift */; };
		357B1CF61EE591FA003C43D4 /* SignatureConfirmation.swift in Sources */ = {isa = PBXBuildFile; fileRef = 357B1CF51EE591FA003C43D4 /* SignatureConfirmation.swift */; };
		357B527F1EE4CEA100B211A3 /* SignatureRequest.swift in Sources */ = {isa = PBXBuildFile; fileRef = 357B527E1EE4CEA100B211A3 /* SignatureRequest.swift */; };
		357B52811EE4DF6500B211A3 /* Signature.swift in Sources */ = {isa = PBXBuildFile; fileRef = 357B52801EE4DF6500B211A3 /* Signature.swift */; };
		357C53D61EDEE9CA000C10CA /* Body.swift in Sources */ = {isa = PBXBuildFile; fileRef = 357C53D11EDEE9CA000C10CA /* Body.swift */; };
		357C53D71EDEE9CA000C10CA /* Envelope.swift in Sources */ = {isa = PBXBuildFile; fileRef = 357C53D21EDEE9CA000C10CA /* Envelope.swift */; };
		357C53D81EDEE9CA000C10CA /* Headers.swift in Sources */ = {isa = PBXBuildFile; fileRef = 357C53D31EDEE9CA000C10CA /* Headers.swift */; };
		357C53D91EDEE9CA000C10CA /* Node.swift in Sources */ = {isa = PBXBuildFile; fileRef = 357C53D41EDEE9CA000C10CA /* Node.swift */; };
		357C53DA1EDEE9CA000C10CA /* SoapRequest.swift in Sources */ = {isa = PBXBuildFile; fileRef = 357C53D51EDEE9CA000C10CA /* SoapRequest.swift */; };
		357C53DE1EDEEC6D000C10CA /* Node+Extension.swift in Sources */ = {isa = PBXBuildFile; fileRef = 357C53DD1EDEEC6D000C10CA /* Node+Extension.swift */; };
		357C53E11EDEF61B000C10CA /* SoapRequest.swift in Headers */ = {isa = PBXBuildFile; fileRef = 357C53D51EDEE9CA000C10CA /* SoapRequest.swift */; settings = {ATTRIBUTES = (Public, ); }; };
		357C53E21EDEF631000C10CA /* Body.swift in Headers */ = {isa = PBXBuildFile; fileRef = 357C53D11EDEE9CA000C10CA /* Body.swift */; settings = {ATTRIBUTES = (Public, ); }; };
		357C53E31EDEF631000C10CA /* Envelope.swift in Headers */ = {isa = PBXBuildFile; fileRef = 357C53D21EDEE9CA000C10CA /* Envelope.swift */; settings = {ATTRIBUTES = (Public, ); }; };
		357C53E41EDEF631000C10CA /* Headers.swift in Headers */ = {isa = PBXBuildFile; fileRef = 357C53D31EDEE9CA000C10CA /* Headers.swift */; settings = {ATTRIBUTES = (Public, ); }; };
		357C53E51EDEF631000C10CA /* String+Extension.swift in Headers */ = {isa = PBXBuildFile; fileRef = 3503A1911EDC3F94009E26E0 /* String+Extension.swift */; settings = {ATTRIBUTES = (Public, ); }; };
		357C53E61EDEF631000C10CA /* Node+Extension.swift in Headers */ = {isa = PBXBuildFile; fileRef = 357C53DD1EDEEC6D000C10CA /* Node+Extension.swift */; settings = {ATTRIBUTES = (Public, ); }; };
		357C53E71EDEF631000C10CA /* Connect.swift in Headers */ = {isa = PBXBuildFile; fileRef = 3503A18C1EDC3CEC009E26E0 /* Connect.swift */; settings = {ATTRIBUTES = (Public, ); }; };
		357C53E81EDEF631000C10CA /* Action.swift in Headers */ = {isa = PBXBuildFile; fileRef = 3503A18E1EDC3DC7009E26E0 /* Action.swift */; settings = {ATTRIBUTES = (Public, ); }; };
		3581FAB21F0E010B0011CE42 /* VisibleOptions.swift in Sources */ = {isa = PBXBuildFile; fileRef = 3581FAB11F0E010B0011CE42 /* VisibleOptions.swift */; };
		359B1ADB1ED33C2D00530F2E /* Credentials.swift in Sources */ = {isa = PBXBuildFile; fileRef = 359B1ADA1ED33C2D00530F2E /* Credentials.swift */; };
		359B1ADD1ED33EC700530F2E /* Environement.swift in Sources */ = {isa = PBXBuildFile; fileRef = 359B1ADC1ED33EC700530F2E /* Environement.swift */; };
		359B1ADF1ED3435600530F2E /* EnvironementTest.swift in Sources */ = {isa = PBXBuildFile; fileRef = 359B1ADE1ED3435600530F2E /* EnvironementTest.swift */; };
		359B1AE71ED3463D00530F2E /* AppDelegate.swift in Sources */ = {isa = PBXBuildFile; fileRef = 359B1AE61ED3463D00530F2E /* AppDelegate.swift */; };
		359B1AE91ED3463D00530F2E /* ViewController.swift in Sources */ = {isa = PBXBuildFile; fileRef = 359B1AE81ED3463D00530F2E /* ViewController.swift */; };
		359B1AEC1ED3463D00530F2E /* Main.storyboard in Resources */ = {isa = PBXBuildFile; fileRef = 359B1AEA1ED3463D00530F2E /* Main.storyboard */; };
		359B1AEE1ED3463D00530F2E /* Assets.xcassets in Resources */ = {isa = PBXBuildFile; fileRef = 359B1AED1ED3463D00530F2E /* Assets.xcassets */; };
		359B1AF11ED3463D00530F2E /* LaunchScreen.storyboard in Resources */ = {isa = PBXBuildFile; fileRef = 359B1AEF1ED3463D00530F2E /* LaunchScreen.storyboard */; };
		359B1AF81ED346AE00530F2E /* YouSign.framework in Frameworks */ = {isa = PBXBuildFile; fileRef = 353A46CC1ED2D887009F2CD9 /* YouSign.framework */; };
		359B1AF91ED346AE00530F2E /* YouSign.framework in Embed Frameworks */ = {isa = PBXBuildFile; fileRef = 353A46CC1ED2D887009F2CD9 /* YouSign.framework */; settings = {ATTRIBUTES = (CodeSignOnCopy, RemoveHeadersOnCopy, ); }; };
		359B1AFB1ED3470000530F2E /* Credentials.swift in Headers */ = {isa = PBXBuildFile; fileRef = 359B1ADA1ED33C2D00530F2E /* Credentials.swift */; settings = {ATTRIBUTES = (Public, ); }; };
		359B1AFC1ED3470000530F2E /* Environement.swift in Headers */ = {isa = PBXBuildFile; fileRef = 359B1ADC1ED33EC700530F2E /* Environement.swift */; settings = {ATTRIBUTES = (Public, ); }; };
		359E239A1EDC4CD00097B7F4 /* ActionTests.swift in Sources */ = {isa = PBXBuildFile; fileRef = 359E23991EDC4CD00097B7F4 /* ActionTests.swift */; };
		35A9F0A41EE39D2F00421A07 /* File.swift in Sources */ = {isa = PBXBuildFile; fileRef = 35A9F0A31EE39D2F00421A07 /* File.swift */; };
		35A9F0A61EE39D4A00421A07 /* Signer.swift in Sources */ = {isa = PBXBuildFile; fileRef = 35A9F0A51EE39D4A00421A07 /* Signer.swift */; };
		35F3A0FC1EDEFA9200D6F619 /* Authent.swift in Sources */ = {isa = PBXBuildFile; fileRef = 35F3A0FB1EDEFA9200D6F619 /* Authent.swift */; };
		35F3A0FF1EE0039200D6F619 /* Connector.swift in Sources */ = {isa = PBXBuildFile; fileRef = 35F3A0FE1EE0039200D6F619 /* Connector.swift */; };
		35F3A1021EE01E9800D6F619 /* Constants.swift in Sources */ = {isa = PBXBuildFile; fileRef = 35F3A1011EE01E9800D6F619 /* Constants.swift */; };
		35F3A1041EE01F6200D6F619 /* YSKeysDescription.swift in Sources */ = {isa = PBXBuildFile; fileRef = 35F3A1031EE01F6200D6F619 /* YSKeysDescription.swift */; };
		A8503BA573A1F8108A1A560D /* Pods_YouSignTestTarget.framework in Frameworks */ = {isa = PBXBuildFile; fileRef = 5B507D6A1E2BE7915207C1F7 /* Pods_YouSignTestTarget.framework */; };
		B41936596F3C740F8BD62D39 /* Pods_YouSign.framework in Frameworks */ = {isa = PBXBuildFile; fileRef = 933F747A21DFA4BF22AC1D25 /* Pods_YouSign.framework */; };
/* End PBXBuildFile section */

/* Begin PBXContainerItemProxy section */
		353A46D71ED2D887009F2CD9 /* PBXContainerItemProxy */ = {
			isa = PBXContainerItemProxy;
			containerPortal = 353A46C31ED2D887009F2CD9 /* Project object */;
			proxyType = 1;
			remoteGlobalIDString = 353A46CB1ED2D887009F2CD9;
			remoteInfo = YouSign;
		};
		359B1AFD1ED383BE00530F2E /* PBXContainerItemProxy */ = {
			isa = PBXContainerItemProxy;
			containerPortal = 353A46C31ED2D887009F2CD9 /* Project object */;
			proxyType = 1;
			remoteGlobalIDString = 353A46CB1ED2D887009F2CD9;
			remoteInfo = YouSign;
		};
		359B1AFF1ED384D600530F2E /* PBXContainerItemProxy */ = {
			isa = PBXContainerItemProxy;
			containerPortal = 353A46C31ED2D887009F2CD9 /* Project object */;
			proxyType = 1;
			remoteGlobalIDString = 359B1AE31ED3463D00530F2E;
			remoteInfo = YouSignTestTarget;
		};
/* End PBXContainerItemProxy section */

/* Begin PBXCopyFilesBuildPhase section */
		359B1AFA1ED346AE00530F2E /* Embed Frameworks */ = {
			isa = PBXCopyFilesBuildPhase;
			buildActionMask = 2147483647;
			dstPath = "";
			dstSubfolderSpec = 10;
			files = (
				359B1AF91ED346AE00530F2E /* YouSign.framework in Embed Frameworks */,
			);
			name = "Embed Frameworks";
			runOnlyForDeploymentPostprocessing = 0;
		};
/* End PBXCopyFilesBuildPhase section */

/* Begin PBXFileReference section */
		3503A18C1EDC3CEC009E26E0 /* Connect.swift */ = {isa = PBXFileReference; fileEncoding = 4; lastKnownFileType = sourcecode.swift; path = Connect.swift; sourceTree = "<group>"; };
		3503A18E1EDC3DC7009E26E0 /* Action.swift */ = {isa = PBXFileReference; fileEncoding = 4; lastKnownFileType = sourcecode.swift; path = Action.swift; sourceTree = "<group>"; };
		3503A1911EDC3F94009E26E0 /* String+Extension.swift */ = {isa = PBXFileReference; fileEncoding = 4; lastKnownFileType = sourcecode.swift; path = "String+Extension.swift"; sourceTree = "<group>"; };
		353A46CC1ED2D887009F2CD9 /* YouSign.framework */ = {isa = PBXFileReference; explicitFileType = wrapper.framework; includeInIndex = 0; path = YouSign.framework; sourceTree = BUILT_PRODUCTS_DIR; };
		353A46CF1ED2D887009F2CD9 /* YouSign.h */ = {isa = PBXFileReference; lastKnownFileType = sourcecode.c.h; path = YouSign.h; sourceTree = "<group>"; };
		353A46D01ED2D887009F2CD9 /* Info.plist */ = {isa = PBXFileReference; lastKnownFileType = text.plist.xml; path = Info.plist; sourceTree = "<group>"; };
		353A46D51ED2D887009F2CD9 /* YouSignTests.xctest */ = {isa = PBXFileReference; explicitFileType = wrapper.cfbundle; includeInIndex = 0; path = YouSignTests.xctest; sourceTree = BUILT_PRODUCTS_DIR; };
		353A46DA1ED2D887009F2CD9 /* YouSignTests.swift */ = {isa = PBXFileReference; lastKnownFileType = sourcecode.swift; path = YouSignTests.swift; sourceTree = "<group>"; };
		353A46DC1ED2D887009F2CD9 /* Info.plist */ = {isa = PBXFileReference; lastKnownFileType = text.plist.xml; path = Info.plist; sourceTree = "<group>"; };
		35589DBD1F06158800715CB3 /* CryptoSwift.framework */ = {isa = PBXFileReference; lastKnownFileType = wrapper.framework; name = CryptoSwift.framework; path = "../../../../Library/Developer/Xcode/DerivedData/YouSign-btlprqagxucakzhhpvslbxdutktd/Build/Products/Debug-iphonesimulator/CryptoSwift/CryptoSwift.framework"; sourceTree = "<group>"; };
		35589DBE1F06158800715CB3 /* SwiftyXMLParser.framework */ = {isa = PBXFileReference; lastKnownFileType = wrapper.framework; name = SwiftyXMLParser.framework; path = "../../../../Library/Developer/Xcode/DerivedData/YouSign-btlprqagxucakzhhpvslbxdutktd/Build/Products/Debug-iphonesimulator/SwiftyXMLParser/SwiftyXMLParser.framework"; sourceTree = "<group>"; };
		356C31E21EE69FF8002D3959 /* SignedFiles.swift */ = {isa = PBXFileReference; fileEncoding = 4; lastKnownFileType = sourcecode.swift; path = SignedFiles.swift; sourceTree = "<group>"; };
		357B1CF51EE591FA003C43D4 /* SignatureConfirmation.swift */ = {isa = PBXFileReference; fileEncoding = 4; lastKnownFileType = sourcecode.swift; path = SignatureConfirmation.swift; sourceTree = "<group>"; };
		357B527E1EE4CEA100B211A3 /* SignatureRequest.swift */ = {isa = PBXFileReference; fileEncoding = 4; lastKnownFileType = sourcecode.swift; path = SignatureRequest.swift; sourceTree = "<group>"; };
		357B52801EE4DF6500B211A3 /* Signature.swift */ = {isa = PBXFileReference; fileEncoding = 4; lastKnownFileType = sourcecode.swift; path = Signature.swift; sourceTree = "<group>"; };
		357C53D11EDEE9CA000C10CA /* Body.swift */ = {isa = PBXFileReference; fileEncoding = 4; lastKnownFileType = sourcecode.swift; path = Body.swift; sourceTree = "<group>"; };
		357C53D21EDEE9CA000C10CA /* Envelope.swift */ = {isa = PBXFileReference; fileEncoding = 4; lastKnownFileType = sourcecode.swift; path = Envelope.swift; sourceTree = "<group>"; };
		357C53D31EDEE9CA000C10CA /* Headers.swift */ = {isa = PBXFileReference; fileEncoding = 4; lastKnownFileType = sourcecode.swift; path = Headers.swift; sourceTree = "<group>"; };
		357C53D41EDEE9CA000C10CA /* Node.swift */ = {isa = PBXFileReference; fileEncoding = 4; lastKnownFileType = sourcecode.swift; path = Node.swift; sourceTree = "<group>"; };
		357C53D51EDEE9CA000C10CA /* SoapRequest.swift */ = {isa = PBXFileReference; fileEncoding = 4; lastKnownFileType = sourcecode.swift; path = SoapRequest.swift; sourceTree = "<group>"; };
		357C53DD1EDEEC6D000C10CA /* Node+Extension.swift */ = {isa = PBXFileReference; fileEncoding = 4; lastKnownFileType = sourcecode.swift; path = "Node+Extension.swift"; sourceTree = "<group>"; };
		3581FAB11F0E010B0011CE42 /* VisibleOptions.swift */ = {isa = PBXFileReference; fileEncoding = 4; lastKnownFileType = sourcecode.swift; path = VisibleOptions.swift; sourceTree = "<group>"; };
		359B1ADA1ED33C2D00530F2E /* Credentials.swift */ = {isa = PBXFileReference; fileEncoding = 4; lastKnownFileType = sourcecode.swift; path = Credentials.swift; sourceTree = "<group>"; };
		359B1ADC1ED33EC700530F2E /* Environement.swift */ = {isa = PBXFileReference; fileEncoding = 4; lastKnownFileType = sourcecode.swift; path = Environement.swift; sourceTree = "<group>"; };
		359B1ADE1ED3435600530F2E /* EnvironementTest.swift */ = {isa = PBXFileReference; fileEncoding = 4; lastKnownFileType = sourcecode.swift; path = EnvironementTest.swift; sourceTree = "<group>"; };
		359B1AE41ED3463D00530F2E /* YouSignTestTarget.app */ = {isa = PBXFileReference; explicitFileType = wrapper.application; includeInIndex = 0; path = YouSignTestTarget.app; sourceTree = BUILT_PRODUCTS_DIR; };
		359B1AE61ED3463D00530F2E /* AppDelegate.swift */ = {isa = PBXFileReference; lastKnownFileType = sourcecode.swift; path = AppDelegate.swift; sourceTree = "<group>"; };
		359B1AE81ED3463D00530F2E /* ViewController.swift */ = {isa = PBXFileReference; lastKnownFileType = sourcecode.swift; path = ViewController.swift; sourceTree = "<group>"; };
		359B1AEB1ED3463D00530F2E /* Base */ = {isa = PBXFileReference; lastKnownFileType = file.storyboard; name = Base; path = Base.lproj/Main.storyboard; sourceTree = "<group>"; };
		359B1AED1ED3463D00530F2E /* Assets.xcassets */ = {isa = PBXFileReference; lastKnownFileType = folder.assetcatalog; path = Assets.xcassets; sourceTree = "<group>"; };
		359B1AF01ED3463D00530F2E /* Base */ = {isa = PBXFileReference; lastKnownFileType = file.storyboard; name = Base; path = Base.lproj/LaunchScreen.storyboard; sourceTree = "<group>"; };
		359B1AF21ED3463D00530F2E /* Info.plist */ = {isa = PBXFileReference; lastKnownFileType = text.plist.xml; path = Info.plist; sourceTree = "<group>"; };
		359E23991EDC4CD00097B7F4 /* ActionTests.swift */ = {isa = PBXFileReference; fileEncoding = 4; lastKnownFileType = sourcecode.swift; path = ActionTests.swift; sourceTree = "<group>"; };
		35A9F0A31EE39D2F00421A07 /* File.swift */ = {isa = PBXFileReference; fileEncoding = 4; lastKnownFileType = sourcecode.swift; path = File.swift; sourceTree = "<group>"; };
		35A9F0A51EE39D4A00421A07 /* Signer.swift */ = {isa = PBXFileReference; fileEncoding = 4; lastKnownFileType = sourcecode.swift; path = Signer.swift; sourceTree = "<group>"; };
		35F3A0FB1EDEFA9200D6F619 /* Authent.swift */ = {isa = PBXFileReference; fileEncoding = 4; lastKnownFileType = sourcecode.swift; path = Authent.swift; sourceTree = "<group>"; };
		35F3A0FE1EE0039200D6F619 /* Connector.swift */ = {isa = PBXFileReference; fileEncoding = 4; lastKnownFileType = sourcecode.swift; path = Connector.swift; sourceTree = "<group>"; };
		35F3A1011EE01E9800D6F619 /* Constants.swift */ = {isa = PBXFileReference; fileEncoding = 4; lastKnownFileType = sourcecode.swift; path = Constants.swift; sourceTree = "<group>"; };
		35F3A1031EE01F6200D6F619 /* YSKeysDescription.swift */ = {isa = PBXFileReference; fileEncoding = 4; lastKnownFileType = sourcecode.swift; path = YSKeysDescription.swift; sourceTree = "<group>"; };
		4DF4B95E3DB49A19C4EE38A0 /* Pods-YouSign.debug.xcconfig */ = {isa = PBXFileReference; includeInIndex = 1; lastKnownFileType = text.xcconfig; name = "Pods-YouSign.debug.xcconfig"; path = "Pods/Target Support Files/Pods-YouSign/Pods-YouSign.debug.xcconfig"; sourceTree = "<group>"; };
		51DC8A2CFB8469D7E6D8F047 /* Pods-YouSign.release.xcconfig */ = {isa = PBXFileReference; includeInIndex = 1; lastKnownFileType = text.xcconfig; name = "Pods-YouSign.release.xcconfig"; path = "Pods/Target Support Files/Pods-YouSign/Pods-YouSign.release.xcconfig"; sourceTree = "<group>"; };
		5B507D6A1E2BE7915207C1F7 /* Pods_YouSignTestTarget.framework */ = {isa = PBXFileReference; explicitFileType = wrapper.framework; includeInIndex = 0; path = Pods_YouSignTestTarget.framework; sourceTree = BUILT_PRODUCTS_DIR; };
		6672F07C1E5A3923039C2217 /* Pods-YouSignTestTarget.debug.xcconfig */ = {isa = PBXFileReference; includeInIndex = 1; lastKnownFileType = text.xcconfig; name = "Pods-YouSignTestTarget.debug.xcconfig"; path = "Pods/Target Support Files/Pods-YouSignTestTarget/Pods-YouSignTestTarget.debug.xcconfig"; sourceTree = "<group>"; };
		933F747A21DFA4BF22AC1D25 /* Pods_YouSign.framework */ = {isa = PBXFileReference; explicitFileType = wrapper.framework; includeInIndex = 0; path = Pods_YouSign.framework; sourceTree = BUILT_PRODUCTS_DIR; };
		B462FF09348D0149048F447A /* Pods-YouSignTestTarget.release.xcconfig */ = {isa = PBXFileReference; includeInIndex = 1; lastKnownFileType = text.xcconfig; name = "Pods-YouSignTestTarget.release.xcconfig"; path = "Pods/Target Support Files/Pods-YouSignTestTarget/Pods-YouSignTestTarget.release.xcconfig"; sourceTree = "<group>"; };
/* End PBXFileReference section */

/* Begin PBXFrameworksBuildPhase section */
		353A46C81ED2D887009F2CD9 /* Frameworks */ = {
			isa = PBXFrameworksBuildPhase;
			buildActionMask = 2147483647;
			files = (
				35589DBF1F06158800715CB3 /* CryptoSwift.framework in Frameworks */,
				35589DC01F06158800715CB3 /* SwiftyXMLParser.framework in Frameworks */,
				B41936596F3C740F8BD62D39 /* Pods_YouSign.framework in Frameworks */,
			);
			runOnlyForDeploymentPostprocessing = 0;
		};
		353A46D21ED2D887009F2CD9 /* Frameworks */ = {
			isa = PBXFrameworksBuildPhase;
			buildActionMask = 2147483647;
			files = (
				353A46D61ED2D887009F2CD9 /* YouSign.framework in Frameworks */,
			);
			runOnlyForDeploymentPostprocessing = 0;
		};
		359B1AE11ED3463D00530F2E /* Frameworks */ = {
			isa = PBXFrameworksBuildPhase;
			buildActionMask = 2147483647;
			files = (
				359B1AF81ED346AE00530F2E /* YouSign.framework in Frameworks */,
				A8503BA573A1F8108A1A560D /* Pods_YouSignTestTarget.framework in Frameworks */,
			);
			runOnlyForDeploymentPostprocessing = 0;
		};
/* End PBXFrameworksBuildPhase section */

/* Begin PBXGroup section */
		3503A18B1EDC3C4B009E26E0 /* Actions */ = {
			isa = PBXGroup;
			children = (
				3503A18C1EDC3CEC009E26E0 /* Connect.swift */,
				357B1CF51EE591FA003C43D4 /* SignatureConfirmation.swift */,
				3503A18E1EDC3DC7009E26E0 /* Action.swift */,
				357B527E1EE4CEA100B211A3 /* SignatureRequest.swift */,
				356C31E21EE69FF8002D3959 /* SignedFiles.swift */,
			);
			path = Actions;
			sourceTree = "<group>";
		};
		3503A1901EDC3F75009E26E0 /* Extensions */ = {
			isa = PBXGroup;
			children = (
				3503A1911EDC3F94009E26E0 /* String+Extension.swift */,
				357C53DD1EDEEC6D000C10CA /* Node+Extension.swift */,
			);
			path = Extensions;
			sourceTree = "<group>";
		};
		353A46C21ED2D887009F2CD9 = {
			isa = PBXGroup;
			children = (
				353A46CE1ED2D887009F2CD9 /* YouSign */,
				353A46D91ED2D887009F2CD9 /* YouSignTests */,
				359B1AE51ED3463D00530F2E /* YouSignTestTarget */,
				353A46CD1ED2D887009F2CD9 /* Products */,
				56A8EAF3D593872E74C2E23E /* Pods */,
				E1C96094D73C7F90B99DE342 /* Frameworks */,
			);
			sourceTree = "<group>";
		};
		353A46CD1ED2D887009F2CD9 /* Products */ = {
			isa = PBXGroup;
			children = (
				353A46CC1ED2D887009F2CD9 /* YouSign.framework */,
				353A46D51ED2D887009F2CD9 /* YouSignTests.xctest */,
				359B1AE41ED3463D00530F2E /* YouSignTestTarget.app */,
			);
			name = Products;
			sourceTree = "<group>";
		};
		353A46CE1ED2D887009F2CD9 /* YouSign */ = {
			isa = PBXGroup;
			children = (
				35A9F0A21EE39D1100421A07 /* BussinesObjects */,
				35F3A1001EE01E8900D6F619 /* Utils */,
				35F3A0FD1EE0032600D6F619 /* Networking */,
				357C53D01EDEE98E000C10CA /* Soap */,
				3503A1901EDC3F75009E26E0 /* Extensions */,
				3503A18B1EDC3C4B009E26E0 /* Actions */,
				359B1AD91ED33C1400530F2E /* Env */,
				353A46CF1ED2D887009F2CD9 /* YouSign.h */,
				353A46D01ED2D887009F2CD9 /* Info.plist */,
			);
			path = YouSign;
			sourceTree = "<group>";
		};
		353A46D91ED2D887009F2CD9 /* YouSignTests */ = {
			isa = PBXGroup;
			children = (
				353A46DA1ED2D887009F2CD9 /* YouSignTests.swift */,
				353A46DC1ED2D887009F2CD9 /* Info.plist */,
				359B1ADE1ED3435600530F2E /* EnvironementTest.swift */,
				359E23991EDC4CD00097B7F4 /* ActionTests.swift */,
			);
			path = YouSignTests;
			sourceTree = "<group>";
		};
		357C53D01EDEE98E000C10CA /* Soap */ = {
			isa = PBXGroup;
			children = (
				357C53D11EDEE9CA000C10CA /* Body.swift */,
				357C53D21EDEE9CA000C10CA /* Envelope.swift */,
				357C53D31EDEE9CA000C10CA /* Headers.swift */,
				357C53D41EDEE9CA000C10CA /* Node.swift */,
				357C53D51EDEE9CA000C10CA /* SoapRequest.swift */,
			);
			path = Soap;
			sourceTree = "<group>";
		};
		359B1AD91ED33C1400530F2E /* Env */ = {
			isa = PBXGroup;
			children = (
				359B1ADA1ED33C2D00530F2E /* Credentials.swift */,
				359B1ADC1ED33EC700530F2E /* Environement.swift */,
			);
			path = Env;
			sourceTree = "<group>";
		};
		359B1AE51ED3463D00530F2E /* YouSignTestTarget */ = {
			isa = PBXGroup;
			children = (
				359B1AE61ED3463D00530F2E /* AppDelegate.swift */,
				359B1AE81ED3463D00530F2E /* ViewController.swift */,
				359B1AEA1ED3463D00530F2E /* Main.storyboard */,
				359B1AED1ED3463D00530F2E /* Assets.xcassets */,
				359B1AEF1ED3463D00530F2E /* LaunchScreen.storyboard */,
				359B1AF21ED3463D00530F2E /* Info.plist */,
				35F3A0FB1EDEFA9200D6F619 /* Authent.swift */,
			);
			path = YouSignTestTarget;
			sourceTree = "<group>";
		};
		35A9F0A21EE39D1100421A07 /* BussinesObjects */ = {
			isa = PBXGroup;
			children = (
				35A9F0A31EE39D2F00421A07 /* File.swift */,
				35A9F0A51EE39D4A00421A07 /* Signer.swift */,
				357B52801EE4DF6500B211A3 /* Signature.swift */,
				3581FAB11F0E010B0011CE42 /* VisibleOptions.swift */,
			);
			path = BussinesObjects;
			sourceTree = "<group>";
		};
		35F3A0FD1EE0032600D6F619 /* Networking */ = {
			isa = PBXGroup;
			children = (
				35F3A0FE1EE0039200D6F619 /* Connector.swift */,
			);
			path = Networking;
			sourceTree = "<group>";
		};
		35F3A1001EE01E8900D6F619 /* Utils */ = {
			isa = PBXGroup;
			children = (
				35F3A1011EE01E9800D6F619 /* Constants.swift */,
				35F3A1031EE01F6200D6F619 /* YSKeysDescription.swift */,
			);
			path = Utils;
			sourceTree = "<group>";
		};
		56A8EAF3D593872E74C2E23E /* Pods */ = {
			isa = PBXGroup;
			children = (
				4DF4B95E3DB49A19C4EE38A0 /* Pods-YouSign.debug.xcconfig */,
				51DC8A2CFB8469D7E6D8F047 /* Pods-YouSign.release.xcconfig */,
				6672F07C1E5A3923039C2217 /* Pods-YouSignTestTarget.debug.xcconfig */,
				B462FF09348D0149048F447A /* Pods-YouSignTestTarget.release.xcconfig */,
			);
			name = Pods;
			sourceTree = "<group>";
		};
		E1C96094D73C7F90B99DE342 /* Frameworks */ = {
			isa = PBXGroup;
			children = (
				35589DBD1F06158800715CB3 /* CryptoSwift.framework */,
				35589DBE1F06158800715CB3 /* SwiftyXMLParser.framework */,
				933F747A21DFA4BF22AC1D25 /* Pods_YouSign.framework */,
				5B507D6A1E2BE7915207C1F7 /* Pods_YouSignTestTarget.framework */,
			);
			name = Frameworks;
			sourceTree = "<group>";
		};
/* End PBXGroup section */

/* Begin PBXHeadersBuildPhase section */
		353A46C91ED2D887009F2CD9 /* Headers */ = {
			isa = PBXHeadersBuildPhase;
			buildActionMask = 2147483647;
			files = (
				353A46DD1ED2D887009F2CD9 /* YouSign.h in Headers */,
				357C53E11EDEF61B000C10CA /* SoapRequest.swift in Headers */,
				359B1AFB1ED3470000530F2E /* Credentials.swift in Headers */,
				357C53E71EDEF631000C10CA /* Connect.swift in Headers */,
				357C53E81EDEF631000C10CA /* Action.swift in Headers */,
				359B1AFC1ED3470000530F2E /* Environement.swift in Headers */,
				357C53E21EDEF631000C10CA /* Body.swift in Headers */,
				357C53E31EDEF631000C10CA /* Envelope.swift in Headers */,
				357C53E41EDEF631000C10CA /* Headers.swift in Headers */,
				357C53E51EDEF631000C10CA /* String+Extension.swift in Headers */,
				357C53E61EDEF631000C10CA /* Node+Extension.swift in Headers */,
			);
			runOnlyForDeploymentPostprocessing = 0;
		};
/* End PBXHeadersBuildPhase section */

/* Begin PBXNativeTarget section */
		353A46CB1ED2D887009F2CD9 /* YouSign */ = {
			isa = PBXNativeTarget;
			buildConfigurationList = 353A46E01ED2D887009F2CD9 /* Build configuration list for PBXNativeTarget "YouSign" */;
			buildPhases = (
				4876B1DDADB4D1E20F66B25A /* [CP] Check Pods Manifest.lock */,
				353A46C71ED2D887009F2CD9 /* Sources */,
				353A46C81ED2D887009F2CD9 /* Frameworks */,
				353A46C91ED2D887009F2CD9 /* Headers */,
				353A46CA1ED2D887009F2CD9 /* Resources */,
				F56627E763F8B0FBC6C9012F /* [CP] Copy Pods Resources */,
				35589DBC1F0614A200715CB3 /* ShellScript */,
			);
			buildRules = (
			);
			dependencies = (
			);
			name = YouSign;
			productName = YouSign;
			productReference = 353A46CC1ED2D887009F2CD9 /* YouSign.framework */;
			productType = "com.apple.product-type.framework";
		};
		353A46D41ED2D887009F2CD9 /* YouSignTests */ = {
			isa = PBXNativeTarget;
			buildConfigurationList = 353A46E31ED2D887009F2CD9 /* Build configuration list for PBXNativeTarget "YouSignTests" */;
			buildPhases = (
				353A46D11ED2D887009F2CD9 /* Sources */,
				353A46D21ED2D887009F2CD9 /* Frameworks */,
				353A46D31ED2D887009F2CD9 /* Resources */,
			);
			buildRules = (
			);
			dependencies = (
				353A46D81ED2D887009F2CD9 /* PBXTargetDependency */,
				359B1B001ED384D600530F2E /* PBXTargetDependency */,
			);
			name = YouSignTests;
			productName = YouSignTests;
			productReference = 353A46D51ED2D887009F2CD9 /* YouSignTests.xctest */;
			productType = "com.apple.product-type.bundle.unit-test";
		};
		359B1AE31ED3463D00530F2E /* YouSignTestTarget */ = {
			isa = PBXNativeTarget;
			buildConfigurationList = 359B1AF31ED3463D00530F2E /* Build configuration list for PBXNativeTarget "YouSignTestTarget" */;
			buildPhases = (
				3FA120E7C02AEF866ED6210B /* [CP] Check Pods Manifest.lock */,
				359B1AE01ED3463D00530F2E /* Sources */,
				359B1AE11ED3463D00530F2E /* Frameworks */,
				359B1AE21ED3463D00530F2E /* Resources */,
				359B1AFA1ED346AE00530F2E /* Embed Frameworks */,
				4D02CF66A424ADFA93F36D1B /* [CP] Embed Pods Frameworks */,
				D4B5D2B042030A36BA3A987E /* [CP] Copy Pods Resources */,
			);
			buildRules = (
			);
			dependencies = (
				359B1AFE1ED383BE00530F2E /* PBXTargetDependency */,
			);
			name = YouSignTestTarget;
			productName = YouSignTestTarget;
			productReference = 359B1AE41ED3463D00530F2E /* YouSignTestTarget.app */;
			productType = "com.apple.product-type.application";
		};
/* End PBXNativeTarget section */

/* Begin PBXProject section */
		353A46C31ED2D887009F2CD9 /* Project object */ = {
			isa = PBXProject;
			attributes = {
				LastSwiftUpdateCheck = 0830;
				LastUpgradeCheck = 0830;
				ORGANIZATIONNAME = "Mahmoud Ben Messaoud";
				TargetAttributes = {
					353A46CB1ED2D887009F2CD9 = {
						CreatedOnToolsVersion = 8.3.2;
						LastSwiftMigration = 0830;
						ProvisioningStyle = Automatic;
					};
					353A46D41ED2D887009F2CD9 = {
						CreatedOnToolsVersion = 8.3.2;
						ProvisioningStyle = Automatic;
						TestTargetID = 359B1AE31ED3463D00530F2E;
					};
					359B1AE31ED3463D00530F2E = {
						CreatedOnToolsVersion = 8.3.2;
						ProvisioningStyle = Automatic;
					};
				};
			};
			buildConfigurationList = 353A46C61ED2D887009F2CD9 /* Build configuration list for PBXProject "YouSign" */;
			compatibilityVersion = "Xcode 3.2";
			developmentRegion = English;
			hasScannedForEncodings = 0;
			knownRegions = (
				en,
				Base,
			);
			mainGroup = 353A46C21ED2D887009F2CD9;
			productRefGroup = 353A46CD1ED2D887009F2CD9 /* Products */;
			projectDirPath = "";
			projectRoot = "";
			targets = (
				353A46CB1ED2D887009F2CD9 /* YouSign */,
				353A46D41ED2D887009F2CD9 /* YouSignTests */,
				359B1AE31ED3463D00530F2E /* YouSignTestTarget */,
			);
		};
/* End PBXProject section */

/* Begin PBXResourcesBuildPhase section */
		353A46CA1ED2D887009F2CD9 /* Resources */ = {
			isa = PBXResourcesBuildPhase;
			buildActionMask = 2147483647;
			files = (
			);
			runOnlyForDeploymentPostprocessing = 0;
		};
		353A46D31ED2D887009F2CD9 /* Resources */ = {
			isa = PBXResourcesBuildPhase;
			buildActionMask = 2147483647;
			files = (
			);
			runOnlyForDeploymentPostprocessing = 0;
		};
		359B1AE21ED3463D00530F2E /* Resources */ = {
			isa = PBXResourcesBuildPhase;
			buildActionMask = 2147483647;
			files = (
				359B1AF11ED3463D00530F2E /* LaunchScreen.storyboard in Resources */,
				359B1AEE1ED3463D00530F2E /* Assets.xcassets in Resources */,
				359B1AEC1ED3463D00530F2E /* Main.storyboard in Resources */,
			);
			runOnlyForDeploymentPostprocessing = 0;
		};
/* End PBXResourcesBuildPhase section */

/* Begin PBXShellScriptBuildPhase section */
		35589DBC1F0614A200715CB3 /* ShellScript */ = {
			isa = PBXShellScriptBuildPhase;
			buildActionMask = 2147483647;
			files = (
			);
			inputPaths = (
			);
			outputPaths = (
			);
			runOnlyForDeploymentPostprocessing = 0;
			shellPath = /bin/sh;
			shellScript = "set -e\nset +u\n# Avoid recursively calling this script.\nif [[ $SF_MASTER_SCRIPT_RUNNING ]]\nthen\nexit 0\nfi\nset -u\nexport SF_MASTER_SCRIPT_RUNNING=1\n\n\n# Constants\nSF_TARGET_NAME=${PROJECT_NAME}\nUNIVERSAL_OUTPUTFOLDER=${PROJECT_DIR}/Livraison/${TARGET_NAME}/${CONFIGURATION}-universal\n\n# Take build target\nif [[ \"$SDK_NAME\" =~ ([A-Za-z]+) ]]\nthen\nSF_SDK_PLATFORM=${BASH_REMATCH[1]}\nelse\necho \"Could not find platform name from SDK_NAME: $SDK_NAME\"\nexit 1\nfi\n\n#if [[ \"$SF_SDK_PLATFORM\" = \"iphoneos\" ]]\n#then\n#echo \"Please choose iPhone simulator as the build target.\"\n#exit 1\n#fi\n\nIPHONE_DEVICE_BUILD_DIR=${BUILD_DIR}/${CONFIGURATION}-iphoneos\n\n# Build the other (non-simulator) platform\nxcodebuild -project \"${PROJECT_FILE_PATH}\" -target \"${TARGET_NAME}\" -configuration \"${CONFIGURATION}\" -sdk iphoneos BUILD_DIR=\"${BUILD_DIR}\" OBJROOT=\"${OBJROOT}\" BUILD_ROOT=\"${BUILD_ROOT}\" CONFIGURATION_BUILD_DIR=\"${IPHONE_DEVICE_BUILD_DIR}/arm64\" SYMROOT=\"${SYMROOT}\" ARCHS='arm64' VALID_ARCHS='arm64' $ACTION\n\nxcodebuild -project \"${PROJECT_FILE_PATH}\" -target \"${TARGET_NAME}\" -configuration \"${CONFIGURATION}\" -sdk iphoneos BUILD_DIR=\"${BUILD_DIR}\" OBJROOT=\"${OBJROOT}\" BUILD_ROOT=\"${BUILD_ROOT}\"  CONFIGURATION_BUILD_DIR=\"${IPHONE_DEVICE_BUILD_DIR}/armv7\" SYMROOT=\"${SYMROOT}\" ARCHS='armv7 armv7s' VALID_ARCHS='armv7 armv7s' $ACTION\n\n# Copy the framework structure to the universal folder (clean it first)\nrm -rf \"${UNIVERSAL_OUTPUTFOLDER}\"\nmkdir -p \"${UNIVERSAL_OUTPUTFOLDER}\"\ncp -R \"${BUILD_DIR}/${CONFIGURATION}-iphonesimulator/${TARGET_NAME}.framework\" \"${UNIVERSAL_OUTPUTFOLDER}/${TARGET_NAME}.framework\"\n\n# Smash them together to combine all architectures\nlipo -create  \"${BUILD_DIR}/${CONFIGURATION}-iphonesimulator/${TARGET_NAME}.framework/${TARGET_NAME}\" \"${BUILD_DIR}/${CONFIGURATION}-iphoneos/arm64/${TARGET_NAME}.framework/${TARGET_NAME}\" \"${BUILD_DIR}/${CONFIGURATION}-iphoneos/armv7/${TARGET_NAME}.framework/${TARGET_NAME}\" -output \"${UNIVERSAL_OUTPUTFOLDER}/${TARGET_NAME}.framework/${TARGET_NAME}\"";
		};
		3FA120E7C02AEF866ED6210B /* [CP] Check Pods Manifest.lock */ = {
			isa = PBXShellScriptBuildPhase;
			buildActionMask = 2147483647;
			files = (
			);
			inputPaths = (
			);
			name = "[CP] Check Pods Manifest.lock";
			outputPaths = (
			);
			runOnlyForDeploymentPostprocessing = 0;
			shellPath = /bin/sh;
			shellScript = "diff \"${PODS_PODFILE_DIR_PATH}/Podfile.lock\" \"${PODS_ROOT}/Manifest.lock\" > /dev/null\nif [ $? != 0 ] ; then\n    # print error to STDERR\n    echo \"error: The sandbox is not in sync with the Podfile.lock. Run 'pod install' or update your CocoaPods installation.\" >&2\n    exit 1\nfi\n";
			showEnvVarsInLog = 0;
		};
		4876B1DDADB4D1E20F66B25A /* [CP] Check Pods Manifest.lock */ = {
			isa = PBXShellScriptBuildPhase;
			buildActionMask = 2147483647;
			files = (
			);
			inputPaths = (
			);
			name = "[CP] Check Pods Manifest.lock";
			outputPaths = (
			);
			runOnlyForDeploymentPostprocessing = 0;
			shellPath = /bin/sh;
			shellScript = "diff \"${PODS_PODFILE_DIR_PATH}/Podfile.lock\" \"${PODS_ROOT}/Manifest.lock\" > /dev/null\nif [ $? != 0 ] ; then\n    # print error to STDERR\n    echo \"error: The sandbox is not in sync with the Podfile.lock. Run 'pod install' or update your CocoaPods installation.\" >&2\n    exit 1\nfi\n";
			showEnvVarsInLog = 0;
		};
		4D02CF66A424ADFA93F36D1B /* [CP] Embed Pods Frameworks */ = {
			isa = PBXShellScriptBuildPhase;
			buildActionMask = 2147483647;
			files = (
			);
			inputPaths = (
			);
			name = "[CP] Embed Pods Frameworks";
			outputPaths = (
			);
			runOnlyForDeploymentPostprocessing = 0;
			shellPath = /bin/sh;
			shellScript = "\"${SRCROOT}/Pods/Target Support Files/Pods-YouSignTestTarget/Pods-YouSignTestTarget-frameworks.sh\"\n";
			showEnvVarsInLog = 0;
		};
		D4B5D2B042030A36BA3A987E /* [CP] Copy Pods Resources */ = {
			isa = PBXShellScriptBuildPhase;
			buildActionMask = 2147483647;
			files = (
			);
			inputPaths = (
			);
			name = "[CP] Copy Pods Resources";
			outputPaths = (
			);
			runOnlyForDeploymentPostprocessing = 0;
			shellPath = /bin/sh;
			shellScript = "\"${SRCROOT}/Pods/Target Support Files/Pods-YouSignTestTarget/Pods-YouSignTestTarget-resources.sh\"\n";
			showEnvVarsInLog = 0;
		};
		F56627E763F8B0FBC6C9012F /* [CP] Copy Pods Resources */ = {
			isa = PBXShellScriptBuildPhase;
			buildActionMask = 2147483647;
			files = (
			);
			inputPaths = (
			);
			name = "[CP] Copy Pods Resources";
			outputPaths = (
			);
			runOnlyForDeploymentPostprocessing = 0;
			shellPath = /bin/sh;
			shellScript = "\"${SRCROOT}/Pods/Target Support Files/Pods-YouSign/Pods-YouSign-resources.sh\"\n";
			showEnvVarsInLog = 0;
		};
/* End PBXShellScriptBuildPhase section */

/* Begin PBXSourcesBuildPhase section */
		353A46C71ED2D887009F2CD9 /* Sources */ = {
			isa = PBXSourcesBuildPhase;
			buildActionMask = 2147483647;
			files = (
				357C53D61EDEE9CA000C10CA /* Body.swift in Sources */,
				359B1ADB1ED33C2D00530F2E /* Credentials.swift in Sources */,
				357C53D81EDEE9CA000C10CA /* Headers.swift in Sources */,
				3503A18F1EDC3DC7009E26E0 /* Action.swift in Sources */,
				359B1ADD1ED33EC700530F2E /* Environement.swift in Sources */,
				357B527F1EE4CEA100B211A3 /* SignatureRequest.swift in Sources */,
				357C53D71EDEE9CA000C10CA /* Envelope.swift in Sources */,
				357B1CF61EE591FA003C43D4 /* SignatureConfirmation.swift in Sources */,
				35F3A0FF1EE0039200D6F619 /* Connector.swift in Sources */,
				35F3A1021EE01E9800D6F619 /* Constants.swift in Sources */,
				3503A1921EDC3F94009E26E0 /* String+Extension.swift in Sources */,
				35F3A1041EE01F6200D6F619 /* YSKeysDescription.swift in Sources */,
				35A9F0A41EE39D2F00421A07 /* File.swift in Sources */,
				3581FAB21F0E010B0011CE42 /* VisibleOptions.swift in Sources */,
				356C31E31EE69FF8002D3959 /* SignedFiles.swift in Sources */,
				357B52811EE4DF6500B211A3 /* Signature.swift in Sources */,
				3503A18D1EDC3CEC009E26E0 /* Connect.swift in Sources */,
				357C53DE1EDEEC6D000C10CA /* Node+Extension.swift in Sources */,
				357C53DA1EDEE9CA000C10CA /* SoapRequest.swift in Sources */,
				357C53D91EDEE9CA000C10CA /* Node.swift in Sources */,
				35A9F0A61EE39D4A00421A07 /* Signer.swift in Sources */,
			);
			runOnlyForDeploymentPostprocessing = 0;
		};
		353A46D11ED2D887009F2CD9 /* Sources */ = {
			isa = PBXSourcesBuildPhase;
			buildActionMask = 2147483647;
			files = (
				359E239A1EDC4CD00097B7F4 /* ActionTests.swift in Sources */,
				353A46DB1ED2D887009F2CD9 /* YouSignTests.swift in Sources */,
				359B1ADF1ED3435600530F2E /* EnvironementTest.swift in Sources */,
			);
			runOnlyForDeploymentPostprocessing = 0;
		};
		359B1AE01ED3463D00530F2E /* Sources */ = {
			isa = PBXSourcesBuildPhase;
			buildActionMask = 2147483647;
			files = (
				359B1AE91ED3463D00530F2E /* ViewController.swift in Sources */,
				359B1AE71ED3463D00530F2E /* AppDelegate.swift in Sources */,
				35F3A0FC1EDEFA9200D6F619 /* Authent.swift in Sources */,
			);
			runOnlyForDeploymentPostprocessing = 0;
		};
/* End PBXSourcesBuildPhase section */

/* Begin PBXTargetDependency section */
		353A46D81ED2D887009F2CD9 /* PBXTargetDependency */ = {
			isa = PBXTargetDependency;
			target = 353A46CB1ED2D887009F2CD9 /* YouSign */;
			targetProxy = 353A46D71ED2D887009F2CD9 /* PBXContainerItemProxy */;
		};
		359B1AFE1ED383BE00530F2E /* PBXTargetDependency */ = {
			isa = PBXTargetDependency;
			target = 353A46CB1ED2D887009F2CD9 /* YouSign */;
			targetProxy = 359B1AFD1ED383BE00530F2E /* PBXContainerItemProxy */;
		};
		359B1B001ED384D600530F2E /* PBXTargetDependency */ = {
			isa = PBXTargetDependency;
			target = 359B1AE31ED3463D00530F2E /* YouSignTestTarget */;
			targetProxy = 359B1AFF1ED384D600530F2E /* PBXContainerItemProxy */;
		};
/* End PBXTargetDependency section */

/* Begin PBXVariantGroup section */
		359B1AEA1ED3463D00530F2E /* Main.storyboard */ = {
			isa = PBXVariantGroup;
			children = (
				359B1AEB1ED3463D00530F2E /* Base */,
			);
			name = Main.storyboard;
			sourceTree = "<group>";
		};
		359B1AEF1ED3463D00530F2E /* LaunchScreen.storyboard */ = {
			isa = PBXVariantGroup;
			children = (
				359B1AF01ED3463D00530F2E /* Base */,
			);
			name = LaunchScreen.storyboard;
			sourceTree = "<group>";
		};
/* End PBXVariantGroup section */

/* Begin XCBuildConfiguration section */
		353A46DE1ED2D887009F2CD9 /* Debug */ = {
			isa = XCBuildConfiguration;
			buildSettings = {
				ALWAYS_SEARCH_USER_PATHS = NO;
				CLANG_ANALYZER_NONNULL = YES;
				CLANG_ANALYZER_NUMBER_OBJECT_CONVERSION = YES_AGGRESSIVE;
				CLANG_CXX_LANGUAGE_STANDARD = "gnu++0x";
				CLANG_CXX_LIBRARY = "libc++";
				CLANG_ENABLE_MODULES = YES;
				CLANG_ENABLE_OBJC_ARC = YES;
				CLANG_WARN_BOOL_CONVERSION = YES;
				CLANG_WARN_CONSTANT_CONVERSION = YES;
				CLANG_WARN_DIRECT_OBJC_ISA_USAGE = YES_ERROR;
				CLANG_WARN_DOCUMENTATION_COMMENTS = YES;
				CLANG_WARN_EMPTY_BODY = YES;
				CLANG_WARN_ENUM_CONVERSION = YES;
				CLANG_WARN_INFINITE_RECURSION = YES;
				CLANG_WARN_INT_CONVERSION = YES;
				CLANG_WARN_OBJC_ROOT_CLASS = YES_ERROR;
				CLANG_WARN_SUSPICIOUS_MOVE = YES;
				CLANG_WARN_UNREACHABLE_CODE = YES;
				CLANG_WARN__DUPLICATE_METHOD_MATCH = YES;
				"CODE_SIGN_IDENTITY[sdk=iphoneos*]" = "iPhone Developer";
				COPY_PHASE_STRIP = NO;
				CURRENT_PROJECT_VERSION = 1;
				DEBUG_INFORMATION_FORMAT = dwarf;
				ENABLE_STRICT_OBJC_MSGSEND = YES;
				ENABLE_TESTABILITY = YES;
				GCC_C_LANGUAGE_STANDARD = gnu99;
				GCC_DYNAMIC_NO_PIC = NO;
				GCC_NO_COMMON_BLOCKS = YES;
				GCC_OPTIMIZATION_LEVEL = 0;
				GCC_PREPROCESSOR_DEFINITIONS = (
					"DEBUG=1",
					"$(inherited)",
				);
				GCC_WARN_64_TO_32_BIT_CONVERSION = YES;
				GCC_WARN_ABOUT_RETURN_TYPE = YES_ERROR;
				GCC_WARN_UNDECLARED_SELECTOR = YES;
				GCC_WARN_UNINITIALIZED_AUTOS = YES_AGGRESSIVE;
				GCC_WARN_UNUSED_FUNCTION = YES;
				GCC_WARN_UNUSED_VARIABLE = YES;
				IPHONEOS_DEPLOYMENT_TARGET = 10.3;
				MTL_ENABLE_DEBUG_INFO = YES;
				ONLY_ACTIVE_ARCH = YES;
				SDKROOT = iphoneos;
				SWIFT_ACTIVE_COMPILATION_CONDITIONS = DEBUG;
				SWIFT_OPTIMIZATION_LEVEL = "-Onone";
				TARGETED_DEVICE_FAMILY = "1,2";
				VERSIONING_SYSTEM = "apple-generic";
				VERSION_INFO_PREFIX = "";
			};
			name = Debug;
		};
		353A46DF1ED2D887009F2CD9 /* Release */ = {
			isa = XCBuildConfiguration;
			buildSettings = {
				ALWAYS_SEARCH_USER_PATHS = NO;
				CLANG_ANALYZER_NONNULL = YES;
				CLANG_ANALYZER_NUMBER_OBJECT_CONVERSION = YES_AGGRESSIVE;
				CLANG_CXX_LANGUAGE_STANDARD = "gnu++0x";
				CLANG_CXX_LIBRARY = "libc++";
				CLANG_ENABLE_MODULES = YES;
				CLANG_ENABLE_OBJC_ARC = YES;
				CLANG_WARN_BOOL_CONVERSION = YES;
				CLANG_WARN_CONSTANT_CONVERSION = YES;
				CLANG_WARN_DIRECT_OBJC_ISA_USAGE = YES_ERROR;
				CLANG_WARN_DOCUMENTATION_COMMENTS = YES;
				CLANG_WARN_EMPTY_BODY = YES;
				CLANG_WARN_ENUM_CONVERSION = YES;
				CLANG_WARN_INFINITE_RECURSION = YES;
				CLANG_WARN_INT_CONVERSION = YES;
				CLANG_WARN_OBJC_ROOT_CLASS = YES_ERROR;
				CLANG_WARN_SUSPICIOUS_MOVE = YES;
				CLANG_WARN_UNREACHABLE_CODE = YES;
				CLANG_WARN__DUPLICATE_METHOD_MATCH = YES;
				"CODE_SIGN_IDENTITY[sdk=iphoneos*]" = "iPhone Developer";
				COPY_PHASE_STRIP = NO;
				CURRENT_PROJECT_VERSION = 1;
				DEBUG_INFORMATION_FORMAT = "dwarf-with-dsym";
				ENABLE_NS_ASSERTIONS = NO;
				ENABLE_STRICT_OBJC_MSGSEND = YES;
				GCC_C_LANGUAGE_STANDARD = gnu99;
				GCC_NO_COMMON_BLOCKS = YES;
				GCC_WARN_64_TO_32_BIT_CONVERSION = YES;
				GCC_WARN_ABOUT_RETURN_TYPE = YES_ERROR;
				GCC_WARN_UNDECLARED_SELECTOR = YES;
				GCC_WARN_UNINITIALIZED_AUTOS = YES_AGGRESSIVE;
				GCC_WARN_UNUSED_FUNCTION = YES;
				GCC_WARN_UNUSED_VARIABLE = YES;
				IPHONEOS_DEPLOYMENT_TARGET = 10.3;
				MTL_ENABLE_DEBUG_INFO = NO;
				SDKROOT = iphoneos;
				SWIFT_OPTIMIZATION_LEVEL = "-Owholemodule";
				TARGETED_DEVICE_FAMILY = "1,2";
				VALIDATE_PRODUCT = YES;
				VERSIONING_SYSTEM = "apple-generic";
				VERSION_INFO_PREFIX = "";
			};
			name = Release;
		};
		353A46E11ED2D887009F2CD9 /* Debug */ = {
			isa = XCBuildConfiguration;
			baseConfigurationReference = 4DF4B95E3DB49A19C4EE38A0 /* Pods-YouSign.debug.xcconfig */;
			buildSettings = {
				CLANG_ENABLE_MODULES = YES;
				CODE_SIGN_IDENTITY = "";
				DEFINES_MODULE = YES;
				DYLIB_COMPATIBILITY_VERSION = 1;
				DYLIB_CURRENT_VERSION = 1;
				DYLIB_INSTALL_NAME_BASE = "@rpath";
				INFOPLIST_FILE = YouSign/Info.plist;
				INSTALL_PATH = "$(LOCAL_LIBRARY_DIR)/Frameworks";
				LD_RUNPATH_SEARCH_PATHS = "$(inherited) @executable_path/Frameworks @loader_path/Frameworks";
				PRODUCT_BUNDLE_IDENTIFIER = pixittechnology.YouSign;
				PRODUCT_NAME = "$(TARGET_NAME)";
				SKIP_INSTALL = YES;
				SWIFT_OBJC_BRIDGING_HEADER = "";
				SWIFT_OPTIMIZATION_LEVEL = "-Onone";
				SWIFT_VERSION = 3.0;
			};
			name = Debug;
		};
		353A46E21ED2D887009F2CD9 /* Release */ = {
			isa = XCBuildConfiguration;
			baseConfigurationReference = 51DC8A2CFB8469D7E6D8F047 /* Pods-YouSign.release.xcconfig */;
			buildSettings = {
				CLANG_ENABLE_MODULES = YES;
				CODE_SIGN_IDENTITY = "";
				DEFINES_MODULE = YES;
				DYLIB_COMPATIBILITY_VERSION = 1;
				DYLIB_CURRENT_VERSION = 1;
				DYLIB_INSTALL_NAME_BASE = "@rpath";
				INFOPLIST_FILE = YouSign/Info.plist;
				INSTALL_PATH = "$(LOCAL_LIBRARY_DIR)/Frameworks";
				LD_RUNPATH_SEARCH_PATHS = "$(inherited) @executable_path/Frameworks @loader_path/Frameworks";
				PRODUCT_BUNDLE_IDENTIFIER = pixittechnology.YouSign;
				PRODUCT_NAME = "$(TARGET_NAME)";
				SKIP_INSTALL = YES;
				SWIFT_OBJC_BRIDGING_HEADER = "";
				SWIFT_VERSION = 3.0;
			};
			name = Release;
		};
		353A46E41ED2D887009F2CD9 /* Debug */ = {
			isa = XCBuildConfiguration;
			buildSettings = {
				ALWAYS_EMBED_SWIFT_STANDARD_LIBRARIES = NO;
				INFOPLIST_FILE = YouSignTests/Info.plist;
				LD_RUNPATH_SEARCH_PATHS = "$(inherited) @executable_path/Frameworks @loader_path/Frameworks";
				PRODUCT_BUNDLE_IDENTIFIER = pixittechnology.YouSignTests;
				PRODUCT_NAME = "$(TARGET_NAME)";
				SWIFT_VERSION = 3.0;
				TEST_HOST = "$(BUILT_PRODUCTS_DIR)/YouSignTestTarget.app/YouSignTestTarget";
			};
			name = Debug;
		};
		353A46E51ED2D887009F2CD9 /* Release */ = {
			isa = XCBuildConfiguration;
			buildSettings = {
				ALWAYS_EMBED_SWIFT_STANDARD_LIBRARIES = NO;
				INFOPLIST_FILE = YouSignTests/Info.plist;
				LD_RUNPATH_SEARCH_PATHS = "$(inherited) @executable_path/Frameworks @loader_path/Frameworks";
				PRODUCT_BUNDLE_IDENTIFIER = pixittechnology.YouSignTests;
				PRODUCT_NAME = "$(TARGET_NAME)";
				SWIFT_VERSION = 3.0;
				TEST_HOST = "$(BUILT_PRODUCTS_DIR)/YouSignTestTarget.app/YouSignTestTarget";
			};
			name = Release;
		};
		359B1AF41ED3463D00530F2E /* Debug */ = {
			isa = XCBuildConfiguration;
			baseConfigurationReference = 6672F07C1E5A3923039C2217 /* Pods-YouSignTestTarget.debug.xcconfig */;
			buildSettings = {
				ALWAYS_EMBED_SWIFT_STANDARD_LIBRARIES = YES;
				ASSETCATALOG_COMPILER_APPICON_NAME = AppIcon;
				INFOPLIST_FILE = YouSignTestTarget/Info.plist;
				LD_RUNPATH_SEARCH_PATHS = "$(inherited) @executable_path/Frameworks";
				PRODUCT_BUNDLE_IDENTIFIER = pixittechnology.YouSignTestTarget;
				PRODUCT_NAME = "$(TARGET_NAME)";
				SWIFT_VERSION = 3.0;
			};
			name = Debug;
		};
		359B1AF51ED3463D00530F2E /* Release */ = {
			isa = XCBuildConfiguration;
			baseConfigurationReference = B462FF09348D0149048F447A /* Pods-YouSignTestTarget.release.xcconfig */;
			buildSettings = {
				ALWAYS_EMBED_SWIFT_STANDARD_LIBRARIES = YES;
				ASSETCATALOG_COMPILER_APPICON_NAME = AppIcon;
				INFOPLIST_FILE = YouSignTestTarget/Info.plist;
				LD_RUNPATH_SEARCH_PATHS = "$(inherited) @executable_path/Frameworks";
				PRODUCT_BUNDLE_IDENTIFIER = pixittechnology.YouSignTestTarget;
				PRODUCT_NAME = "$(TARGET_NAME)";
				SWIFT_VERSION = 3.0;
			};
			name = Release;
		};
/* End XCBuildConfiguration section */

/* Begin XCConfigurationList section */
		353A46C61ED2D887009F2CD9 /* Build configuration list for PBXProject "YouSign" */ = {
			isa = XCConfigurationList;
			buildConfigurations = (
				353A46DE1ED2D887009F2CD9 /* Debug */,
				353A46DF1ED2D887009F2CD9 /* Release */,
			);
			defaultConfigurationIsVisible = 0;
			defaultConfigurationName = Release;
		};
		353A46E01ED2D887009F2CD9 /* Build configuration list for PBXNativeTarget "YouSign" */ = {
			isa = XCConfigurationList;
			buildConfigurations = (
				353A46E11ED2D887009F2CD9 /* Debug */,
				353A46E21ED2D887009F2CD9 /* Release */,
			);
			defaultConfigurationIsVisible = 0;
			defaultConfigurationName = Release;
		};
		353A46E31ED2D887009F2CD9 /* Build configuration list for PBXNativeTarget "YouSignTests" */ = {
			isa = XCConfigurationList;
			buildConfigurations = (
				353A46E41ED2D887009F2CD9 /* Debug */,
				353A46E51ED2D887009F2CD9 /* Release */,
			);
			defaultConfigurationIsVisible = 0;
			defaultConfigurationName = Release;
		};
		359B1AF31ED3463D00530F2E /* Build configuration list for PBXNativeTarget "YouSignTestTarget" */ = {
			isa = XCConfigurationList;
			buildConfigurations = (
				359B1AF41ED3463D00530F2E /* Debug */,
				359B1AF51ED3463D00530F2E /* Release */,
			);
			defaultConfigurationIsVisible = 0;
			defaultConfigurationName = Release;
		};
/* End XCConfigurationList section */
	};
	rootObject = 353A46C31ED2D887009F2CD9 /* Project object */;
}
