PODS:
  - CryptoSwift (0.6.9)
  - SwiftyXMLParser (3.0.0)

DEPENDENCIES:
  - CryptoSwift
  - SwiftyXMLParser

SPEC CHECKSUMS:
  CryptoSwift: a22f6ba238e9ce4d26ee7bf45b9ed82e7122d4a0
  SwiftyXMLParser: 8d2295fb4fbc6e2ff241e7c8d7717e159be35969

PODFILE CHECKSUM: 8f9c912bccf555ac693fece41d5d731cc60dd120

COCOAPODS: 1.2.1
